// !$*UTF8*$!
{
	archiveVersion = 1;
	classes = {
	};
	objectVersion = 46;
	objects = {

/* Begin PBXBuildFile section */
		89496B321DA1451500FF6557 /* AppDelegate.swift in Sources */ = {isa = PBXBuildFile; fileRef = 89496B311DA1451500FF6557 /* AppDelegate.swift */; };
		89496B341DA1451500FF6557 /* ViewController.swift in Sources */ = {isa = PBXBuildFile; fileRef = 89496B331DA1451500FF6557 /* ViewController.swift */; };
		89496B371DA1451500FF6557 /* Main.storyboard in Resources */ = {isa = PBXBuildFile; fileRef = 89496B351DA1451500FF6557 /* Main.storyboard */; };
		89496B391DA1451500FF6557 /* Assets.xcassets in Resources */ = {isa = PBXBuildFile; fileRef = 89496B381DA1451500FF6557 /* Assets.xcassets */; };
		89496B3C1DA1451500FF6557 /* LaunchScreen.storyboard in Resources */ = {isa = PBXBuildFile; fileRef = 89496B3A1DA1451500FF6557 /* LaunchScreen.storyboard */; };
/* End PBXBuildFile section */

/* Begin PBXFileReference section */
		89496B2E1DA1451500FF6557 /* iStreet.app */ = {isa = PBXFileReference; explicitFileType = wrapper.application; includeInIndex = 0; path = iStreet.app; sourceTree = BUILT_PRODUCTS_DIR; };
		89496B311DA1451500FF6557 /* AppDelegate.swift */ = {isa = PBXFileReference; lastKnownFileType = sourcecode.swift; path = AppDelegate.swift; sourceTree = "<group>"; };
		89496B331DA1451500FF6557 /* ViewController.swift */ = {isa = PBXFileReference; lastKnownFileType = sourcecode.swift; path = ViewController.swift; sourceTree = "<group>"; };
		89496B361DA1451500FF6557 /* Base */ = {isa = PBXFileReference; lastKnownFileType = file.storyboard; name = Base; path = Base.lproj/Main.storyboard; sourceTree = "<group>"; };
		89496B381DA1451500FF6557 /* Assets.xcassets */ = {isa = PBXFileReference; lastKnownFileType = folder.assetcatalog; path = Assets.xcassets; sourceTree = "<group>"; };
		89496B3B1DA1451500FF6557 /* Base */ = {isa = PBXFileReference; lastKnownFileType = file.storyboard; name = Base; path = Base.lproj/LaunchScreen.storyboard; sourceTree = "<group>"; };
		89496B3D1DA1451500FF6557 /* Info.plist */ = {isa = PBXFileReference; lastKnownFileType = text.plist.xml; path = Info.plist; sourceTree = "<group>"; };
/* End PBXFileReference section */

/* Begin PBXFrameworksBuildPhase section */
		89496B2B1DA1451500FF6557 /* Frameworks */ = {
			isa = PBXFrameworksBuildPhase;
			buildActionMask = 2147483647;
			files = (
			);
			runOnlyForDeploymentPostprocessing = 0;
		};
/* End PBXFrameworksBuildPhase section */

/* Begin PBXGroup section */
		89496B251DA1451500FF6557 = {
			isa = PBXGroup;
			children = (
				89496B301DA1451500FF6557 /* iStreet */,
				89496B2F1DA1451500FF6557 /* Products */,
			);
			sourceTree = "<group>";
		};
		89496B2F1DA1451500FF6557 /* Products */ = {
			isa = PBXGroup;
			children = (
				89496B2E1DA1451500FF6557 /* iStreet.app */,
			);
			name = Products;
			sourceTree = "<group>";
		};
		89496B301DA1451500FF6557 /* iStreet */ = {
			isa = PBXGroup;
			children = (
				89496B311DA1451500FF6557 /* AppDelegate.swift */,
				89496B331DA1451500FF6557 /* ViewController.swift */,
				89496B351DA1451500FF6557 /* Main.storyboard */,
				89496B381DA1451500FF6557 /* Assets.xcassets */,
				89496B3A1DA1451500FF6557 /* LaunchScreen.storyboard */,
				89496B3D1DA1451500FF6557 /* Info.plist */,
			);
			path = iStreet;
			sourceTree = "<group>";
		};
/* End PBXGroup section */

/* Begin PBXNativeTarget section */
		89496B2D1DA1451500FF6557 /* iStreet */ = {
			isa = PBXNativeTarget;
			buildConfigurationList = 89496B401DA1451500FF6557 /* Build configuration list for PBXNativeTarget "iStreet" */;
			buildPhases = (
				89496B2A1DA1451500FF6557 /* Sources */,
				89496B2B1DA1451500FF6557 /* Frameworks */,
				89496B2C1DA1451500FF6557 /* Resources */,
			);
			buildRules = (
			);
			dependencies = (
			);
			name = iStreet;
			productName = iStreet;
			productReference = 89496B2E1DA1451500FF6557 /* iStreet.app */;
			productType = "com.apple.product-type.application";
		};
/* End PBXNativeTarget section */

/* Begin PBXProject section */
		89496B261DA1451500FF6557 /* Project object */ = {
			isa = PBXProject;
			attributes = {
				LastSwiftUpdateCheck = 0800;
				LastUpgradeCheck = 0800;
				ORGANIZATIONNAME = Abdulaziz;
				TargetAttributes = {
					89496B2D1DA1451500FF6557 = {
						CreatedOnToolsVersion = 8.0;
						DevelopmentTeam = C23DCE6Z7L;
						ProvisioningStyle = Automatic;
					};
				};
			};
			buildConfigurationList = 89496B291DA1451500FF6557 /* Build configuration list for PBXProject "iStreet" */;
			compatibilityVersion = "Xcode 3.2";
			developmentRegion = English;
			hasScannedForEncodings = 0;
			knownRegions = (
				en,
				Base,
			);
			mainGroup = 89496B251DA1451500FF6557;
			productRefGroup = 89496B2F1DA1451500FF6557 /* Products */;
			projectDirPath = "";
			projectRoot = "";
			targets = (
				89496B2D1DA1451500FF6557 /* iStreet */,
			);
		};
/* End PBXProject section */

/* Begin PBXResourcesBuildPhase section */
		89496B2C1DA1451500FF6557 /* Resources */ = {
			isa = PBXResourcesBuildPhase;
			buildActionMask = 2147483647;
			files = (
				89496B3C1DA1451500FF6557 /* LaunchScreen.storyboard in Resources */,
				89496B391DA1451500FF6557 /* Assets.xcassets in Resources */,
				89496B371DA1451500FF6557 /* Main.storyboard in Resources */,
			);
			runOnlyForDeploymentPostprocessing = 0;
		};
/* End PBXResourcesBuildPhase section */

/* Begin PBXSourcesBuildPhase section */
		89496B2A1DA1451500FF6557 /* Sources */ = {
			isa = PBXSourcesBuildPhase;
			buildActionMask = 2147483647;
			files = (
				89496B341DA1451500FF6557 /* ViewController.swift in Sources */,
				89496B321DA1451500FF6557 /* AppDelegate.swift in Sources */,
			);
			runOnlyForDeploymentPostprocessing = 0;
		};
/* End PBXSourcesBuildPhase section */

/* Begin PBXVariantGroup section */
		89496B351DA1451500FF6557 /* Main.storyboard */ = {
			isa = PBXVariantGroup;
			children = (
				89496B361DA1451500FF6557 /* Base */,
			);
			name = Main.storyboard;
			sourceTree = "<group>";
		};
		89496B3A1DA1451500FF6557 /* LaunchScreen.storyboard */ = {
			isa = PBXVariantGroup;
			children = (
				89496B3B1DA1451500FF6557 /* Base */,
			);
			name = LaunchScreen.storyboard;
			sourceTree = "<group>";
		};
/* End PBXVariantGroup section */

/* Begin XCBuildConfiguration section */
		89496B3E1DA1451500FF6557 /* Debug */ = {
			isa = XCBuildConfiguration;
			buildSettings = {
				ALWAYS_SEARCH_USER_PATHS = NO;
				CLANG_ANALYZER_NONNULL = YES;
				CLANG_CXX_LANGUAGE_STANDARD = "gnu++0x";
				CLANG_CXX_LIBRARY = "libc++";
				CLANG_ENABLE_MODULES = YES;
				CLANG_ENABLE_OBJC_ARC = YES;
				CLANG_WARN_BOOL_CONVERSION = YES;
				CLANG_WARN_CONSTANT_CONVERSION = YES;
				CLANG_WARN_DIRECT_OBJC_ISA_USAGE = YES_ERROR;
				CLANG_WARN_DOCUMENTATION_COMMENTS = YES;
				CLANG_WARN_EMPTY_BODY = YES;
				CLANG_WARN_ENUM_CONVERSION = YES;
				CLANG_WARN_INFINITE_RECURSION = YES;
				CLANG_WARN_INT_CONVERSION = YES;
				CLANG_WARN_OBJC_ROOT_CLASS = YES_ERROR;
				CLANG_WARN_SUSPICIOUS_MOVES = YES;
				CLANG_WARN_UNREACHABLE_CODE = YES;
				CLANG_WARN__DUPLICATE_METHOD_MATCH = YES;
				"CODE_SIGN_IDENTITY[sdk=iphoneos*]" = "iPhone Developer";
				COPY_PHASE_STRIP = NO;
				DEBUG_INFORMATION_FORMAT = dwarf;
				ENABLE_STRICT_OBJC_MSGSEND = YES;
				ENABLE_TESTABILITY = YES;
				GCC_C_LANGUAGE_STANDARD = gnu99;
				GCC_DYNAMIC_NO_PIC = NO;
				GCC_NO_COMMON_BLOCKS = YES;
				GCC_OPTIMIZATION_LEVEL = 0;
				GCC_PREPROCESSOR_DEFINITIONS = (
					"DEBUG=1",
					"$(inherited)",
				);
				GCC_WARN_64_TO_32_BIT_CONVERSION = YES;
				GCC_WARN_ABOUT_RETURN_TYPE = YES_ERROR;
				GCC_WARN_UNDECLARED_SELECTOR = YES;
				GCC_WARN_UNINITIALIZED_AUTOS = YES_AGGRESSIVE;
				GCC_WARN_UNUSED_FUNCTION = YES;
				GCC_WARN_UNUSED_VARIABLE = YES;
				IPHONEOS_DEPLOYMENT_TARGET = 10.0;
				MTL_ENABLE_DEBUG_INFO = YES;
				ONLY_ACTIVE_ARCH = YES;
				SDKROOT = iphoneos;
				SWIFT_ACTIVE_COMPILATION_CONDITIONS = DEBUG;
				SWIFT_OPTIMIZATION_LEVEL = "-Onone";
			};
			name = Debug;
		};
		89496B3F1DA1451500FF6557 /* Release */ = {
			isa = XCBuildConfiguration;
			buildSettings = {
				ALWAYS_SEARCH_USER_PATHS = NO;
				CLANG_ANALYZER_NONNULL = YES;
				CLANG_CXX_LANGUAGE_STANDARD = "gnu++0x";
				CLANG_CXX_LIBRARY = "libc++";
				CLANG_ENABLE_MODULES = YES;
				CLANG_ENABLE_OBJC_ARC = YES;
				CLANG_WARN_BOOL_CONVERSION = YES;
				CLANG_WARN_CONSTANT_CONVERSION = YES;
				CLANG_WARN_DIRECT_OBJC_ISA_USAGE = YES_ERROR;
				CLANG_WARN_DOCUMENTATION_COMMENTS = YES;
				CLANG_WARN_EMPTY_BODY = YES;
				CLANG_WARN_ENUM_CONVERSION = YES;
				CLANG_WARN_INFINITE_RECURSION = YES;
				CLANG_WARN_INT_CONVERSION = YES;
				CLANG_WARN_OBJC_ROOT_CLASS = YES_ERROR;
				CLANG_WARN_SUSPICIOUS_MOVES = YES;
				CLANG_WARN_UNREACHABLE_CODE = YES;
				CLANG_WARN__DUPLICATE_METHOD_MATCH = YES;
				"CODE_SIGN_IDENTITY[sdk=iphoneos*]" = "iPhone Developer";
				COPY_PHASE_STRIP = NO;
				DEBUG_INFORMATION_FORMAT = "dwarf-with-dsym";
				ENABLE_NS_ASSERTIONS = NO;
				ENABLE_STRICT_OBJC_MSGSEND = YES;
				GCC_C_LANGUAGE_STANDARD = gnu99;
				GCC_NO_COMMON_BLOCKS = YES;
				GCC_WARN_64_TO_32_BIT_CONVERSION = YES;
				GCC_WARN_ABOUT_RETURN_TYPE = YES_ERROR;
				GCC_WARN_UNDECLARED_SELECTOR = YES;
				GCC_WARN_UNINITIALIZED_AUTOS = YES_AGGRESSIVE;
				GCC_WARN_UNUSED_FUNCTION = YES;
				GCC_WARN_UNUSED_VARIABLE = YES;
				IPHONEOS_DEPLOYMENT_TARGET = 10.0;
				MTL_ENABLE_DEBUG_INFO = NO;
				SDKROOT = iphoneos;
				SWIFT_OPTIMIZATION_LEVEL = "-Owholemodule";
				VALIDATE_PRODUCT = YES;
			};
			name = Release;
		};
		89496B411DA1451500FF6557 /* Debug */ = {
			isa = XCBuildConfiguration;
			buildSettings = {
				ASSETCATALOG_COMPILER_APPICON_NAME = AppIcon;
				DEVELOPMENT_TEAM = C23DCE6Z7L;
				INFOPLIST_FILE = iStreet/Info.plist;
				LD_RUNPATH_SEARCH_PATHS = "$(inherited) @executable_path/Frameworks";
				PRODUCT_BUNDLE_IDENTIFIER = sStreet.iStreet;
				PRODUCT_NAME = "$(TARGET_NAME)";
				SWIFT_VERSION = 3.0;
			};
			name = Debug;
		};
		89496B421DA1451500FF6557 /* Release */ = {
			isa = XCBuildConfiguration;
			buildSettings = {
				ASSETCATALOG_COMPILER_APPICON_NAME = AppIcon;
				DEVELOPMENT_TEAM = C23DCE6Z7L;
				INFOPLIST_FILE = iStreet/Info.plist;
				LD_RUNPATH_SEARCH_PATHS = "$(inherited) @executable_path/Frameworks";
				PRODUCT_BUNDLE_IDENTIFIER = sStreet.iStreet;
				PRODUCT_NAME = "$(TARGET_NAME)";
				SWIFT_VERSION = 3.0;
			};
			name = Release;
		};
/* End XCBuildConfiguration section */

/* Begin XCConfigurationList section */
		89496B291DA1451500FF6557 /* Build configuration list for PBXProject "iStreet" */ = {
			isa = XCConfigurationList;
			buildConfigurations = (
				89496B3E1DA1451500FF6557 /* Debug */,
				89496B3F1DA1451500FF6557 /* Release */,
			);
			defaultConfigurationIsVisible = 0;
			defaultConfigurationName = Release;
		};
		89496B401DA1451500FF6557 /* Build configuration list for PBXNativeTarget "iStreet" */ = {
			isa = XCConfigurationList;
			buildConfigurations = (
				89496B411DA1451500FF6557 /* Debug */,
				89496B421DA1451500FF6557 /* Release */,
			);
			defaultConfigurationIsVisible = 0;
		};
/* End XCConfigurationList section */
	};
	rootObject = 89496B261DA1451500FF6557 /* Project object */;
}
